
Microsoft Visual Studio Solution File, Format Version 12.00
Project("{FAE04EC0-301F-11D3-BF4B-00C04F79EFBC}") = "BudgetProject", "BudgetProject\BudgetProject.csproj", "{3FCF1330-BA18-4299-972E-D4870BA8A879}"
EndProject
Global
	GlobalSection(SolutionConfigurationPlatforms) = preSolution
		Debug|Any CPU = Debug|Any CPU
		Release|Any CPU = Release|Any CPU
	EndGlobalSection
	GlobalSection(ProjectConfigurationPlatforms) = postSolution
		{3FCF1330-BA18-4299-972E-D4870BA8A879}.Debug|Any CPU.ActiveCfg = Debug|Any CPU
		{3FCF1330-BA18-4299-972E-D4870BA8A879}.Debug|Any CPU.Build.0 = Debug|Any CPU
		{3FCF1330-BA18-4299-972E-D4870BA8A879}.Release|Any CPU.ActiveCfg = Release|Any CPU
		{3FCF1330-BA18-4299-972E-D4870BA8A879}.Release|Any CPU.Build.0 = Release|Any CPU
	EndGlobalSection
EndGlobal
